
Microsoft Visual Studio Solution File, Format Version 12.00
# Visual Studio Version 17
VisualStudioVersion = 17.13.35828.75 d17.13
MinimumVisualStudioVersion = 10.0.40219.1
Project("{FAE04EC0-301F-11D3-BF4B-00C04F79EFBC}") = "HospitalManagementSystem", "HospitalManagementSystem\HospitalManagementSystem.csproj", "{C522CB53-FE80-4D7F-80D7-164F5435B107}"
EndProject
Global
	GlobalSection(SolutionConfigurationPlatforms) = preSolution
		Debug|Any CPU = Debug|Any CPU
		Release|Any CPU = Release|Any CPU
	EndGlobalSection
	GlobalSection(ProjectConfigurationPlatforms) = postSolution
		{C522CB53-FE80-4D7F-80D7-164F5435B107}.Debug|Any CPU.ActiveCfg = Debug|Any CPU
		{C522CB53-FE80-4D7F-80D7-164F5435B107}.Debug|Any CPU.Build.0 = Debug|Any CPU
		{C522CB53-FE80-4D7F-80D7-164F5435B107}.Release|Any CPU.ActiveCfg = Release|Any CPU
		{C522CB53-FE80-4D7F-80D7-164F5435B107}.Release|Any CPU.Build.0 = Release|Any CPU
	EndGlobalSection
	GlobalSection(SolutionProperties) = preSolution
		HideSolutionNode = FALSE
	EndGlobalSection
	GlobalSection(ExtensibilityGlobals) = postSolution
		SolutionGuid = {23892E61-4A13-40A3-BB23-C5B5B58B26F9}
	EndGlobalSection
EndGlobal
